
Microsoft Visual Studio Solution File, Format Version 12.00
# Visual Studio 15
VisualStudioVersion = 15.0.28010.2050
MinimumVisualStudioVersion = 10.0.40219.1
Project("{8BC9CEB8-8B4A-11D0-8D11-00A0C91BC942}") = "ConsoleApplication5", "ConsoleApplication5\ConsoleApplication5.vcxproj", "{5EFCAD29-E8F4-4772-87DC-EB5713FE0264}"
EndProject
Global
	GlobalSection(SolutionConfigurationPlatforms) = preSolution
		Debug|x64 = Debug|x64
		Debug|x86 = Debug|x86
		Release|x64 = Release|x64
		Release|x86 = Release|x86
	EndGlobalSection
	GlobalSection(ProjectConfigurationPlatforms) = postSolution
		{5EFCAD29-E8F4-4772-87DC-EB5713FE0264}.Debug|x64.ActiveCfg = Debug|x64
		{5EFCAD29-E8F4-4772-87DC-EB5713FE0264}.Debug|x64.Build.0 = Debug|x64
		{5EFCAD29-E8F4-4772-87DC-EB5713FE0264}.Debug|x86.ActiveCfg = Debug|Win32
		{5EFCAD29-E8F4-4772-87DC-EB5713FE0264}.Debug|x86.Build.0 = Debug|Win32
		{5EFCAD29-E8F4-4772-87DC-EB5713FE0264}.Release|x64.ActiveCfg = Release|x64
		{5EFCAD29-E8F4-4772-87DC-EB5713FE0264}.Release|x64.Build.0 = Release|x64
		{5EFCAD29-E8F4-4772-87DC-EB5713FE0264}.Release|x86.ActiveCfg = Release|Win32
		{5EFCAD29-E8F4-4772-87DC-EB5713FE0264}.Release|x86.Build.0 = Release|Win32
	EndGlobalSection
	GlobalSection(SolutionProperties) = preSolution
		HideSolutionNode = FALSE
	EndGlobalSection
	GlobalSection(ExtensibilityGlobals) = postSolution
		SolutionGuid = {A8FCF514-6250-4F9B-BAEB-31F44E0DB5F2}
	EndGlobalSection
EndGlobal
