
Microsoft Visual Studio Solution File, Format Version 12.00
# Visual Studio 15
VisualStudioVersion = 15.0.28010.2050
MinimumVisualStudioVersion = 10.0.40219.1
Project("{8BC9CEB8-8B4A-11D0-8D11-00A0C91BC942}") = "ConsoleApplication7", "ConsoleApplication7\ConsoleApplication7.vcxproj", "{4A1917A5-DC67-41C6-81D0-78B75189C3F0}"
EndProject
Global
	GlobalSection(SolutionConfigurationPlatforms) = preSolution
		Debug|x64 = Debug|x64
		Debug|x86 = Debug|x86
		Release|x64 = Release|x64
		Release|x86 = Release|x86
	EndGlobalSection
	GlobalSection(ProjectConfigurationPlatforms) = postSolution
		{4A1917A5-DC67-41C6-81D0-78B75189C3F0}.Debug|x64.ActiveCfg = Debug|x64
		{4A1917A5-DC67-41C6-81D0-78B75189C3F0}.Debug|x64.Build.0 = Debug|x64
		{4A1917A5-DC67-41C6-81D0-78B75189C3F0}.Debug|x86.ActiveCfg = Debug|Win32
		{4A1917A5-DC67-41C6-81D0-78B75189C3F0}.Debug|x86.Build.0 = Debug|Win32
		{4A1917A5-DC67-41C6-81D0-78B75189C3F0}.Release|x64.ActiveCfg = Release|x64
		{4A1917A5-DC67-41C6-81D0-78B75189C3F0}.Release|x64.Build.0 = Release|x64
		{4A1917A5-DC67-41C6-81D0-78B75189C3F0}.Release|x86.ActiveCfg = Release|Win32
		{4A1917A5-DC67-41C6-81D0-78B75189C3F0}.Release|x86.Build.0 = Release|Win32
	EndGlobalSection
	GlobalSection(SolutionProperties) = preSolution
		HideSolutionNode = FALSE
	EndGlobalSection
	GlobalSection(ExtensibilityGlobals) = postSolution
		SolutionGuid = {BA9C8388-14ED-4DA9-9684-E4A5991DB86B}
	EndGlobalSection
EndGlobal
